{
  "name": "admin_backend",
  "version": "1.0.0",
  "lockfileVersion": 1,
  "requires": true,
  "dependencies": {
    "@azure/abort-controller": {
      "version": "1.0.1",
      "resolved": "https://registry.npmjs.org/@azure/abort-controller/-/abort-controller-1.0.1.tgz",
      "integrity": "sha512-wP2Jw6uPp8DEDy0n4KNidvwzDjyVV2xnycEIq7nPzj1rHyb/r+t3OPeNT1INZePP2wy5ZqlwyuyOMTi0ePyY1A==",
      "requires": {
        "tslib": "^1.9.3"
      },
      "dependencies": {
        "tslib": {
          "version": "1.14.1",
          "resolved": "https://registry.npmjs.org/tslib/-/tslib-1.14.1.tgz",
          "integrity": "sha512-Xni35NKzjgMrwevysHTCArtLDpPvye8zV/0E4EyYn43P7/7qvQwPh9BGkHewbMulVntbigmcT7rdX3BNo9wRJg=="
        }
      }
    },
    "@azure/communication-administration": {
      "version": "1.0.0-beta.3",
      "resolved": "https://registry.npmjs.org/@azure/communication-administration/-/communication-administration-1.0.0-beta.3.tgz",
      "integrity": "sha512-JqGWH19PZKtW49Y4RfyOxmm+iPLOYZ5xP8bQ8ZhoAJ9aDzfY/UEEbmjaVPYFdso4UVKgPP6y0lOmy73xpwKTVg==",
      "requires": {
        "@azure/abort-controller": "^1.0.0",
        "@azure/communication-common": "1.0.0-beta.3",
        "@azure/core-auth": "^1.1.3",
        "@azure/core-http": "^1.2.0",
        "@azure/core-lro": "^1.0.2",
        "@azure/core-paging": "^1.1.1",
        "@azure/core-tracing": "1.0.0-preview.9",
        "@azure/logger": "^1.0.0",
        "@opentelemetry/api": "^0.10.2",
        "events": "^3.0.0",
        "tslib": "^2.0.0"
      }
    },
    "@azure/communication-common": {
      "version": "1.0.0-beta.3",
      "resolved": "https://registry.npmjs.org/@azure/communication-common/-/communication-common-1.0.0-beta.3.tgz",
      "integrity": "sha512-2Yxr/wrbObcy2xcEp9b4tBv8KhFEpieYfEhf+jSYzoqAfX49WUiCNBt2u2HmwSTm81sr4ppDS7w8qWioVpUgJw==",
      "requires": {
        "@azure/abort-controller": "^1.0.0",
        "@azure/core-auth": "^1.1.3",
        "@azure/core-http": "^1.2.0",
        "@opentelemetry/api": "^0.10.2",
        "events": "^3.0.0",
        "jwt-decode": "~2.2.0",
        "tslib": "^2.0.0"
      }
    },
    "@azure/core-asynciterator-polyfill": {
      "version": "1.0.0",
      "resolved": "https://registry.npmjs.org/@azure/core-asynciterator-polyfill/-/core-asynciterator-polyfill-1.0.0.tgz",
      "integrity": "sha512-kmv8CGrPfN9SwMwrkiBK9VTQYxdFQEGe0BmQk+M8io56P9KNzpAxcWE/1fxJj7uouwN4kXF0BHW8DNlgx+wtCg=="
    },
    "@azure/core-auth": {
      "version": "1.1.3",
      "resolved": "https://registry.npmjs.org/@azure/core-auth/-/core-auth-1.1.3.tgz",
      "integrity": "sha512-A4xigW0YZZpkj1zK7dKuzbBpGwnhEcRk6WWuIshdHC32raR3EQ1j6VA9XZqE+RFsUgH6OAmIK5BWIz+mZjnd6Q==",
      "requires": {
        "@azure/abort-controller": "^1.0.0",
        "@azure/core-tracing": "1.0.0-preview.8",
        "@opentelemetry/api": "^0.6.1",
        "tslib": "^2.0.0"
      },
      "dependencies": {
        "@azure/core-tracing": {
          "version": "1.0.0-preview.8",
          "resolved": "https://registry.npmjs.org/@azure/core-tracing/-/core-tracing-1.0.0-preview.8.tgz",
          "integrity": "sha512-ZKUpCd7Dlyfn7bdc+/zC/sf0aRIaNQMDuSj2RhYRFe3p70hVAnYGp3TX4cnG2yoEALp/LTj/XnZGQ8Xzf6Ja/Q==",
          "requires": {
            "@opencensus/web-types": "0.0.7",
            "@opentelemetry/api": "^0.6.1",
            "tslib": "^1.10.0"
          },
          "dependencies": {
            "tslib": {
              "version": "1.14.1",
              "resolved": "https://registry.npmjs.org/tslib/-/tslib-1.14.1.tgz",
              "integrity": "sha512-Xni35NKzjgMrwevysHTCArtLDpPvye8zV/0E4EyYn43P7/7qvQwPh9BGkHewbMulVntbigmcT7rdX3BNo9wRJg=="
            }
          }
        },
        "@opentelemetry/api": {
          "version": "0.6.1",
          "resolved": "https://registry.npmjs.org/@opentelemetry/api/-/api-0.6.1.tgz",
          "integrity": "sha512-wpufGZa7tTxw7eAsjXJtiyIQ42IWQdX9iUQp7ACJcKo1hCtuhLU+K2Nv1U6oRwT1oAlZTE6m4CgWKZBhOiau3Q==",
          "requires": {
            "@opentelemetry/context-base": "^0.6.1"
          }
        }
      }
    },
    "@azure/core-http": {
      "version": "1.2.0",
      "resolved": "https://registry.npmjs.org/@azure/core-http/-/core-http-1.2.0.tgz",
      "integrity": "sha512-SQmyI1tpstWKePNmTseEUp8PMq1uNBslvGBrYF2zNM/fEfLD1q64XCatoH8nDQtSmDydEPsqlyyLSjjnuXrlOQ==",
      "requires": {
        "@azure/abort-controller": "^1.0.0",
        "@azure/core-auth": "^1.1.3",
        "@azure/core-tracing": "1.0.0-preview.9",
        "@azure/logger": "^1.0.0",
        "@opentelemetry/api": "^0.10.2",
        "@types/node-fetch": "^2.5.0",
        "@types/tunnel": "^0.0.1",
        "form-data": "^3.0.0",
        "node-fetch": "^2.6.0",
        "process": "^0.11.10",
        "tough-cookie": "^4.0.0",
        "tslib": "^2.0.0",
        "tunnel": "^0.0.6",
        "uuid": "^8.3.0",
        "xml2js": "^0.4.19"
      }
    },
    "@azure/core-lro": {
      "version": "1.0.2",
      "resolved": "https://registry.npmjs.org/@azure/core-lro/-/core-lro-1.0.2.tgz",
      "integrity": "sha512-Yr0JD7GKryOmbcb5wHCQoQ4KCcH5QJWRNorofid+UvudLaxnbCfvKh/cUfQsGUqRjO9L/Bw4X7FP824DcHdMxw==",
      "requires": {
        "@azure/abort-controller": "^1.0.0",
        "@azure/core-http": "^1.1.1",
        "events": "^3.0.0",
        "tslib": "^1.10.0"
      },
      "dependencies": {
        "tslib": {
          "version": "1.14.1",
          "resolved": "https://registry.npmjs.org/tslib/-/tslib-1.14.1.tgz",
          "integrity": "sha512-Xni35NKzjgMrwevysHTCArtLDpPvye8zV/0E4EyYn43P7/7qvQwPh9BGkHewbMulVntbigmcT7rdX3BNo9wRJg=="
        }
      }
    },
    "@azure/core-paging": {
      "version": "1.1.3",
      "resolved": "https://registry.npmjs.org/@azure/core-paging/-/core-paging-1.1.3.tgz",
      "integrity": "sha512-his7Ah40ThEYORSpIAwuh6B8wkGwO/zG7gqVtmSE4WAJ46e36zUDXTKReUCLBDc6HmjjApQQxxcRFy5FruG79A==",
      "requires": {
        "@azure/core-asynciterator-polyfill": "^1.0.0"
      }
    },
    "@azure/core-tracing": {
      "version": "1.0.0-preview.9",
      "resolved": "https://registry.npmjs.org/@azure/core-tracing/-/core-tracing-1.0.0-preview.9.tgz",
      "integrity": "sha512-zczolCLJ5QG42AEPQ+Qg9SRYNUyB+yZ5dzof4YEc+dyWczO9G2sBqbAjLB7IqrsdHN2apkiB2oXeDKCsq48jug==",
      "requires": {
        "@opencensus/web-types": "0.0.7",
        "@opentelemetry/api": "^0.10.2",
        "tslib": "^2.0.0"
      }
    },
    "@azure/logger": {
      "version": "1.0.0",
      "resolved": "https://registry.npmjs.org/@azure/logger/-/logger-1.0.0.tgz",
      "integrity": "sha512-g2qLDgvmhyIxR3JVS8N67CyIOeFRKQlX/llxYJQr1OSGQqM3HTpVP8MjmjcEKbL/OIt2N9C9UFaNQuKOw1laOA==",
      "requires": {
        "tslib": "^1.9.3"
      },
      "dependencies": {
        "tslib": {
          "version": "1.14.1",
          "resolved": "https://registry.npmjs.org/tslib/-/tslib-1.14.1.tgz",
          "integrity": "sha512-Xni35NKzjgMrwevysHTCArtLDpPvye8zV/0E4EyYn43P7/7qvQwPh9BGkHewbMulVntbigmcT7rdX3BNo9wRJg=="
        }
      }
    },
    "@opencensus/web-types": {
      "version": "0.0.7",
      "resolved": "https://registry.npmjs.org/@opencensus/web-types/-/web-types-0.0.7.tgz",
      "integrity": "sha512-xB+w7ZDAu3YBzqH44rCmG9/RlrOmFuDPt/bpf17eJr8eZSrLt7nc7LnWdxM9Mmoj/YKMHpxRg28txu3TcpiL+g=="
    },
    "@opentelemetry/api": {
      "version": "0.10.2",
      "resolved": "https://registry.npmjs.org/@opentelemetry/api/-/api-0.10.2.tgz",
      "integrity": "sha512-GtpMGd6vkzDMYcpu2t9LlhEgMy/SzBwRnz48EejlRArYqZzqSzAsKmegUK7zHgl+EOIaK9mKHhnRaQu3qw20cA==",
      "requires": {
        "@opentelemetry/context-base": "^0.10.2"
      },
      "dependencies": {
        "@opentelemetry/context-base": {
          "version": "0.10.2",
          "resolved": "https://registry.npmjs.org/@opentelemetry/context-base/-/context-base-0.10.2.tgz",
          "integrity": "sha512-hZNKjKOYsckoOEgBziGMnBcX0M7EtstnCmwz5jZUOUYwlZ+/xxX6z3jPu1XVO2Jivk0eLfuP9GP+vFD49CMetw=="
        }
      }
    },
    "@opentelemetry/context-base": {
      "version": "0.6.1",
      "resolved": "https://registry.npmjs.org/@opentelemetry/context-base/-/context-base-0.6.1.tgz",
      "integrity": "sha512-5bHhlTBBq82ti3qPT15TRxkYTFPPQWbnkkQkmHPtqiS1XcTB69cEKd3Jm7Cfi/vkPoyxapmePE9tyA7EzLt8SQ=="
    },
    "@types/body-parser": {
      "version": "1.19.0",
      "resolved": "https://registry.npmjs.org/@types/body-parser/-/body-parser-1.19.0.tgz",
      "integrity": "sha512-W98JrE0j2K78swW4ukqMleo8R7h/pFETjM2DQ90MF6XK2i4LO4W3gQ71Lt4w3bfm2EvVSyWHplECvB5sK22yFQ==",
      "requires": {
        "@types/connect": "*",
        "@types/node": "*"
      }
    },
    "@types/component-emitter": {
      "version": "1.2.10",
      "resolved": "https://registry.npmjs.org/@types/component-emitter/-/component-emitter-1.2.10.tgz",
      "integrity": "sha512-bsjleuRKWmGqajMerkzox19aGbscQX5rmmvvXl3wlIp5gMG1HgkiwPxsN5p070fBDKTNSPgojVbuY1+HWMbFhg=="
    },
    "@types/connect": {
      "version": "3.4.33",
      "resolved": "https://registry.npmjs.org/@types/connect/-/connect-3.4.33.tgz",
      "integrity": "sha512-2+FrkXY4zllzTNfJth7jOqEHC+enpLeGslEhpnTAkg21GkRrWV4SsAtqchtT4YS9/nODBU2/ZfsBY2X4J/dX7A==",
      "requires": {
        "@types/node": "*"
      }
    },
    "@types/cookie": {
      "version": "0.4.0",
      "resolved": "https://registry.npmjs.org/@types/cookie/-/cookie-0.4.0.tgz",
      "integrity": "sha512-y7mImlc/rNkvCRmg8gC3/lj87S7pTUIJ6QGjwHR9WQJcFs+ZMTOaoPrkdFA/YdbuqVEmEbb5RdhVxMkAcgOnpg=="
    },
    "@types/cors": {
      "version": "2.8.8",
      "resolved": "https://registry.npmjs.org/@types/cors/-/cors-2.8.8.tgz",
      "integrity": "sha512-fO3gf3DxU2Trcbr75O7obVndW/X5k8rJNZkLXlQWStTHhP71PkRqjwPIEI0yMnJdg9R9OasjU+Bsr+Hr1xy/0w==",
      "requires": {
        "@types/express": "*"
      }
    },
    "@types/express": {
      "version": "4.17.9",
      "resolved": "https://registry.npmjs.org/@types/express/-/express-4.17.9.tgz",
      "integrity": "sha512-SDzEIZInC4sivGIFY4Sz1GG6J9UObPwCInYJjko2jzOf/Imx/dlpume6Xxwj1ORL82tBbmN4cPDIDkLbWHk9hw==",
      "requires": {
        "@types/body-parser": "*",
        "@types/express-serve-static-core": "*",
        "@types/qs": "*",
        "@types/serve-static": "*"
      }
    },
    "@types/express-serve-static-core": {
      "version": "4.17.14",
      "resolved": "https://registry.npmjs.org/@types/express-serve-static-core/-/express-serve-static-core-4.17.14.tgz",
      "integrity": "sha512-uFTLwu94TfUFMToXNgRZikwPuZdOtDgs3syBtAIr/OXorL1kJqUJT9qCLnRZ5KBOWfZQikQ2xKgR2tnDj1OgDA==",
      "requires": {
        "@types/node": "*",
        "@types/qs": "*",
        "@types/range-parser": "*"
      }
    },
    "@types/mime": {
      "version": "2.0.3",
      "resolved": "https://registry.npmjs.org/@types/mime/-/mime-2.0.3.tgz",
      "integrity": "sha512-Jus9s4CDbqwocc5pOAnh8ShfrnMcPHuJYzVcSUU7lrh8Ni5HuIqX3oilL86p3dlTrk0LzHRCgA/GQ7uNCw6l2Q=="
    },
    "@types/node": {
      "version": "14.14.10",
      "resolved": "https://registry.npmjs.org/@types/node/-/node-14.14.10.tgz",
      "integrity": "sha512-J32dgx2hw8vXrSbu4ZlVhn1Nm3GbeCFNw2FWL8S5QKucHGY0cyNwjdQdO+KMBZ4wpmC7KhLCiNsdk1RFRIYUQQ=="
    },
    "@types/node-fetch": {
      "version": "2.5.7",
      "resolved": "https://registry.npmjs.org/@types/node-fetch/-/node-fetch-2.5.7.tgz",
      "integrity": "sha512-o2WVNf5UhWRkxlf6eq+jMZDu7kjgpgJfl4xVNlvryc95O/6F2ld8ztKX+qu+Rjyet93WAWm5LjeX9H5FGkODvw==",
      "requires": {
        "@types/node": "*",
        "form-data": "^3.0.0"
      }
    },
    "@types/qs": {
      "version": "6.9.5",
      "resolved": "https://registry.npmjs.org/@types/qs/-/qs-6.9.5.tgz",
      "integrity": "sha512-/JHkVHtx/REVG0VVToGRGH2+23hsYLHdyG+GrvoUGlGAd0ErauXDyvHtRI/7H7mzLm+tBCKA7pfcpkQ1lf58iQ=="
    },
    "@types/range-parser": {
      "version": "1.2.3",
      "resolved": "https://registry.npmjs.org/@types/range-parser/-/range-parser-1.2.3.tgz",
      "integrity": "sha512-ewFXqrQHlFsgc09MK5jP5iR7vumV/BYayNC6PgJO2LPe8vrnNFyjQjSppfEngITi0qvfKtzFvgKymGheFM9UOA=="
    },
    "@types/serve-static": {
      "version": "1.13.8",
      "resolved": "https://registry.npmjs.org/@types/serve-static/-/serve-static-1.13.8.tgz",
      "integrity": "sha512-MoJhSQreaVoL+/hurAZzIm8wafFR6ajiTM1m4A0kv6AGeVBl4r4pOV8bGFrjjq1sGxDTnCoF8i22o0/aE5XCyA==",
      "requires": {
        "@types/mime": "*",
        "@types/node": "*"
      }
    },
    "@types/tunnel": {
      "version": "0.0.1",
      "resolved": "https://registry.npmjs.org/@types/tunnel/-/tunnel-0.0.1.tgz",
      "integrity": "sha512-AOqu6bQu5MSWwYvehMXLukFHnupHrpZ8nvgae5Ggie9UwzDR1CCwoXgSSWNZJuyOlCdfdsWMA5F2LlmvyoTv8A==",
      "requires": {
        "@types/node": "*"
      }
    },
    "accepts": {
      "version": "1.3.7",
      "resolved": "https://registry.npmjs.org/accepts/-/accepts-1.3.7.tgz",
      "integrity": "sha512-Il80Qs2WjYlJIBNzNkK6KYqlVMTbZLXgHx2oT0pU/fjRHyEp+PEfEPY0R3WCwAGVOtauxh1hOxNgIf5bv7dQpA==",
      "requires": {
        "mime-types": "~2.1.24",
        "negotiator": "0.6.2"
      }
    },
    "asynckit": {
      "version": "0.4.0",
      "resolved": "https://registry.npmjs.org/asynckit/-/asynckit-0.4.0.tgz",
      "integrity": "sha1-x57Zf380y48robyXkLzDZkdLS3k="
    },
    "base64id": {
      "version": "2.0.0",
      "resolved": "https://registry.npmjs.org/base64id/-/base64id-2.0.0.tgz",
      "integrity": "sha512-lGe34o6EHj9y3Kts9R4ZYs/Gr+6N7MCaMlIFA3F1R2O5/m7K06AxfSeO5530PEERE6/WyEg3lsuyw4GHlPZHog=="
    },
    "combined-stream": {
      "version": "1.0.8",
      "resolved": "https://registry.npmjs.org/combined-stream/-/combined-stream-1.0.8.tgz",
      "integrity": "sha512-FQN4MRfuJeHf7cBbBMJFXhKSDq+2kAArBlmRBvcvFE5BB1HZKXtSFASDhdlz9zOYwxh8lDdnvmMOe/+5cdoEdg==",
      "requires": {
        "delayed-stream": "~1.0.0"
      }
    },
    "component-emitter": {
      "version": "1.3.0",
      "resolved": "https://registry.npmjs.org/component-emitter/-/component-emitter-1.3.0.tgz",
      "integrity": "sha512-Rd3se6QB+sO1TwqZjscQrurpEPIfO0/yYnSin6Q/rD3mOutHvUrCAhJub3r90uNb+SESBuE0QYoB90YdfatsRg=="
    },
    "cookie": {
      "version": "0.4.1",
      "resolved": "https://registry.npmjs.org/cookie/-/cookie-0.4.1.tgz",
      "integrity": "sha512-ZwrFkGJxUR3EIoXtO+yVE69Eb7KlixbaeAWfBQB9vVsNn/o+Yw69gBWSSDK825hQNdN+wF8zELf3dFNl/kxkUA=="
    },
    "cors": {
      "version": "2.8.5",
      "resolved": "https://registry.npmjs.org/cors/-/cors-2.8.5.tgz",
      "integrity": "sha512-KIHbLJqu73RGr/hnbrO9uBeixNGuvSQjul/jdFvS/KFSIH1hWVd1ng7zOHx+YrEfInLG7q4n6GHQ9cDtxv/P6g==",
      "requires": {
        "object-assign": "^4",
        "vary": "^1"
      }
    },
    "debug": {
      "version": "4.1.1",
      "resolved": "https://registry.npmjs.org/debug/-/debug-4.1.1.tgz",
      "integrity": "sha512-pYAIzeRo8J6KPEaJ0VWOh5Pzkbw/RetuzehGM7QRRX5he4fPHx2rdKMB256ehJCkX+XRQm16eZLqLNS8RSZXZw==",
      "requires": {
        "ms": "^2.1.1"
      }
    },
    "delayed-stream": {
      "version": "1.0.0",
      "resolved": "https://registry.npmjs.org/delayed-stream/-/delayed-stream-1.0.0.tgz",
      "integrity": "sha1-3zrhmayt+31ECqrgsp4icrJOxhk="
    },
    "engine.io": {
      "version": "4.0.4",
      "resolved": "https://registry.npmjs.org/engine.io/-/engine.io-4.0.4.tgz",
      "integrity": "sha512-4ggUX5pICZU17OTZNFv5+uFE/ZyoK+TIXv2SvxWWX8lwStllQ6Lvvs4lDBqvKpV9EYXNcvlNOcjKChd/mo+8Tw==",
      "requires": {
        "accepts": "~1.3.4",
        "base64id": "2.0.0",
        "cookie": "~0.4.1",
        "cors": "~2.8.5",
        "debug": "~4.1.0",
        "engine.io-parser": "~4.0.0",
        "ws": "^7.1.2"
      }
    },
    "engine.io-parser": {
      "version": "4.0.1",
      "resolved": "https://registry.npmjs.org/engine.io-parser/-/engine.io-parser-4.0.1.tgz",
      "integrity": "sha512-v5aZK1hlckcJDGmHz3W8xvI3NUHYc9t8QtTbqdR5OaH3S9iJZilPubauOm+vLWOMMWzpE3hiq92l9lTAHamRCg=="
    },
    "events": {
      "version": "3.2.0",
      "resolved": "https://registry.npmjs.org/events/-/events-3.2.0.tgz",
      "integrity": "sha512-/46HWwbfCX2xTawVfkKLGxMifJYQBWMwY1mjywRtb4c9x8l5NP3KoJtnIOiL1hfdRkIuYhETxQlo62IF8tcnlg=="
    },
    "form-data": {
      "version": "3.0.0",
      "resolved": "https://registry.npmjs.org/form-data/-/form-data-3.0.0.tgz",
      "integrity": "sha512-CKMFDglpbMi6PyN+brwB9Q/GOw0eAnsrEZDgcsH5Krhz5Od/haKHAX0NmQfha2zPPz0JpWzA7GJHGSnvCRLWsg==",
      "requires": {
        "asynckit": "^0.4.0",
        "combined-stream": "^1.0.8",
        "mime-types": "^2.1.12"
      }
    },
    "jwt-decode": {
      "version": "2.2.0",
      "resolved": "https://registry.npmjs.org/jwt-decode/-/jwt-decode-2.2.0.tgz",
      "integrity": "sha1-fYa9VmefWM5qhHBKZX3TkruoGnk="
    },
    "mime-db": {
      "version": "1.44.0",
      "resolved": "https://registry.npmjs.org/mime-db/-/mime-db-1.44.0.tgz",
      "integrity": "sha512-/NOTfLrsPBVeH7YtFPgsVWveuL+4SjjYxaQ1xtM1KMFj7HdxlBlxeyNLzhyJVx7r4rZGJAZ/6lkKCitSc/Nmpg=="
    },
    "mime-types": {
      "version": "2.1.27",
      "resolved": "https://registry.npmjs.org/mime-types/-/mime-types-2.1.27.tgz",
      "integrity": "sha512-JIhqnCasI9yD+SsmkquHBxTSEuZdQX5BuQnS2Vc7puQQQ+8yiP5AY5uWhpdv4YL4VM5c6iliiYWPgJ/nJQLp7w==",
      "requires": {
        "mime-db": "1.44.0"
      }
    },
    "ms": {
      "version": "2.1.2",
      "resolved": "https://registry.npmjs.org/ms/-/ms-2.1.2.tgz",
      "integrity": "sha512-sGkPx+VjMtmA6MX27oA4FBFELFCZZ4S4XqeGOXCv68tT+jb3vk/RyaKWP0PTKyWtmLSM0b+adUTEvbs1PEaH2w=="
    },
    "negotiator": {
      "version": "0.6.2",
      "resolved": "https://registry.npmjs.org/negotiator/-/negotiator-0.6.2.tgz",
      "integrity": "sha512-hZXc7K2e+PgeI1eDBe/10Ard4ekbfrrqG8Ep+8Jmf4JID2bNg7NvCPOZN+kfF574pFQI7mum2AUqDidoKqcTOw=="
    },
    "node-fetch": {
      "version": "2.6.1",
      "resolved": "https://registry.npmjs.org/node-fetch/-/node-fetch-2.6.1.tgz",
      "integrity": "sha512-V4aYg89jEoVRxRb2fJdAg8FHvI7cEyYdVAh94HH0UIK8oJxUfkjlDQN9RbMx+bEjP7+ggMiFRprSti032Oipxw=="
    },
    "object-assign": {
      "version": "4.1.1",
      "resolved": "https://registry.npmjs.org/object-assign/-/object-assign-4.1.1.tgz",
      "integrity": "sha1-IQmtx5ZYh8/AXLvUQsrIv7s2CGM="
    },
    "process": {
      "version": "0.11.10",
      "resolved": "https://registry.npmjs.org/process/-/process-0.11.10.tgz",
      "integrity": "sha1-czIwDoQBYb2j5podHZGn1LwW8YI="
    },
    "psl": {
      "version": "1.8.0",
      "resolved": "https://registry.npmjs.org/psl/-/psl-1.8.0.tgz",
      "integrity": "sha512-RIdOzyoavK+hA18OGGWDqUTsCLhtA7IcZ/6NCs4fFJaHBDab+pDDmDIByWFRQJq2Cd7r1OoQxBGKOaztq+hjIQ=="
    },
    "punycode": {
      "version": "2.1.1",
      "resolved": "https://registry.npmjs.org/punycode/-/punycode-2.1.1.tgz",
      "integrity": "sha512-XRsRjdf+j5ml+y/6GKHPZbrF/8p2Yga0JPtdqTIY2Xe5ohJPD9saDJJLPvp9+NSBprVvevdXZybnj2cv8OEd0A=="
    },
    "sax": {
      "version": "1.2.4",
      "resolved": "https://registry.npmjs.org/sax/-/sax-1.2.4.tgz",
      "integrity": "sha512-NqVDv9TpANUjFm0N8uM5GxL36UgKi9/atZw+x7YFnQ8ckwFGKrl4xX4yWtrey3UJm5nP1kUbnYgLopqWNSRhWw=="
    },
    "socket.io": {
      "version": "3.0.3",
      "resolved": "https://registry.npmjs.org/socket.io/-/socket.io-3.0.3.tgz",
      "integrity": "sha512-TC1GnSXhDVmd3bHji5aG7AgWB8UL7E6quACbKra8uFXBqlMwEDbrJFK+tjuIY5Pe9N0L+MAPPDv3pycnn0000A==",
      "requires": {
        "@types/cookie": "^0.4.0",
        "@types/cors": "^2.8.8",
        "@types/node": "^14.14.7",
        "accepts": "~1.3.4",
        "base64id": "~2.0.0",
        "debug": "~4.1.0",
        "engine.io": "~4.0.0",
        "socket.io-adapter": "~2.0.3",
        "socket.io-parser": "~4.0.1"
      }
    },
    "socket.io-adapter": {
      "version": "2.0.3",
      "resolved": "https://registry.npmjs.org/socket.io-adapter/-/socket.io-adapter-2.0.3.tgz",
      "integrity": "sha512-2wo4EXgxOGSFueqvHAdnmi5JLZzWqMArjuP4nqC26AtLh5PoCPsaRbRdah2xhcwTAMooZfjYiNVNkkmmSMaxOQ=="
    },
    "socket.io-parser": {
      "version": "4.0.2",
      "resolved": "https://registry.npmjs.org/socket.io-parser/-/socket.io-parser-4.0.2.tgz",
      "integrity": "sha512-Bs3IYHDivwf+bAAuW/8xwJgIiBNtlvnjYRc4PbXgniLmcP1BrakBoq/QhO24rgtgW7VZ7uAaswRGxutUnlAK7g==",
      "requires": {
        "@types/component-emitter": "^1.2.10",
        "component-emitter": "~1.3.0",
        "debug": "~4.1.0"
      }
    },
    "tough-cookie": {
      "version": "4.0.0",
      "resolved": "https://registry.npmjs.org/tough-cookie/-/tough-cookie-4.0.0.tgz",
      "integrity": "sha512-tHdtEpQCMrc1YLrMaqXXcj6AxhYi/xgit6mZu1+EDWUn+qhUf8wMQoFIy9NXuq23zAwtcB0t/MjACGR18pcRbg==",
      "requires": {
        "psl": "^1.1.33",
        "punycode": "^2.1.1",
        "universalify": "^0.1.2"
      }
    },
    "tslib": {
      "version": "2.0.3",
      "resolved": "https://registry.npmjs.org/tslib/-/tslib-2.0.3.tgz",
      "integrity": "sha512-uZtkfKblCEQtZKBF6EBXVZeQNl82yqtDQdv+eck8u7tdPxjLu2/lp5/uPW+um2tpuxINHWy3GhiccY7QgEaVHQ=="
    },
    "tunnel": {
      "version": "0.0.6",
      "resolved": "https://registry.npmjs.org/tunnel/-/tunnel-0.0.6.tgz",
      "integrity": "sha512-1h/Lnq9yajKY2PEbBadPXj3VxsDDu844OnaAo52UVmIzIvwwtBPIuNvkjuzBlTWpfJyUbG3ez0KSBibQkj4ojg=="
    },
    "universalify": {
      "version": "0.1.2",
      "resolved": "https://registry.npmjs.org/universalify/-/universalify-0.1.2.tgz",
      "integrity": "sha512-rBJeI5CXAlmy1pV+617WB9J63U6XcazHHF2f2dbJix4XzpUF0RS3Zbj0FGIOCAva5P/d/GBOYaACQ1w+0azUkg=="
    },
    "uuid": {
      "version": "8.3.1",
      "resolved": "https://registry.npmjs.org/uuid/-/uuid-8.3.1.tgz",
      "integrity": "sha512-FOmRr+FmWEIG8uhZv6C2bTgEVXsHk08kE7mPlrBbEe+c3r9pjceVPgupIfNIhc4yx55H69OXANrUaSuu9eInKg=="
    },
    "vary": {
      "version": "1.1.2",
      "resolved": "https://registry.npmjs.org/vary/-/vary-1.1.2.tgz",
      "integrity": "sha1-IpnwLG3tMNSllhsLn3RSShj2NPw="
    },
    "ws": {
      "version": "7.4.0",
      "resolved": "https://registry.npmjs.org/ws/-/ws-7.4.0.tgz",
      "integrity": "sha512-kyFwXuV/5ymf+IXhS6f0+eAFvydbaBW3zjpT6hUdAh/hbVjTIB5EHBGi0bPoCLSK2wcuz3BrEkB9LrYv1Nm4NQ=="
    },
    "xml2js": {
      "version": "0.4.23",
      "resolved": "https://registry.npmjs.org/xml2js/-/xml2js-0.4.23.tgz",
      "integrity": "sha512-ySPiMjM0+pLDftHgXY4By0uswI3SPKLDw/i3UXbnO8M/p28zqexCUoPmQFrYD+/1BzhGJSs2i1ERWKJAtiLrug==",
      "requires": {
        "sax": ">=0.6.0",
        "xmlbuilder": "~11.0.0"
      }
    },
    "xmlbuilder": {
      "version": "11.0.1",
      "resolved": "https://registry.npmjs.org/xmlbuilder/-/xmlbuilder-11.0.1.tgz",
      "integrity": "sha512-fDlsI/kFEx7gLvbecc0/ohLG50fugQp8ryHzMTuW9vSa1GJ0XYWKnhsUx7oie3G98+r56aTQIUB4kht42R3JvA=="
    }
  }
}
